
Microsoft Visual Studio Solution File, Format Version 12.00
# Visual Studio 15
VisualStudioVersion = 15.0.27004.2009
MinimumVisualStudioVersion = 10.0.40219.1
Project("{2150E333-8FDC-42A3-9474-1A3956D46DE8}") = "API", "API", "{1034D824-CCFE-4562-A088-CD74CFE50688}"
EndProject
Project("{2150E333-8FDC-42A3-9474-1A3956D46DE8}") = "Business Logic", "Business Logic", "{8B14E113-B02F-4734-899B-FC38F57F537B}"
EndProject
Project("{2150E333-8FDC-42A3-9474-1A3956D46DE8}") = "Data Access", "Data Access", "{74EFD356-B761-4BC7-8DA9-D2329B4AE0EC}"
EndProject
Project("{9A19103F-16F7-4668-BE54-9A1E7A4F7556}") = "Website.API", "Website.API\Website.API.csproj", "{03611993-FDD7-4A24-B919-69882AC6AFC2}"
EndProject
Global
	GlobalSection(SolutionConfigurationPlatforms) = preSolution
		Debug|Any CPU = Debug|Any CPU
		Release|Any CPU = Release|Any CPU
	EndGlobalSection
	GlobalSection(ProjectConfigurationPlatforms) = postSolution
		{03611993-FDD7-4A24-B919-69882AC6AFC2}.Debug|Any CPU.ActiveCfg = Debug|Any CPU
		{03611993-FDD7-4A24-B919-69882AC6AFC2}.Debug|Any CPU.Build.0 = Debug|Any CPU
		{03611993-FDD7-4A24-B919-69882AC6AFC2}.Release|Any CPU.ActiveCfg = Release|Any CPU
		{03611993-FDD7-4A24-B919-69882AC6AFC2}.Release|Any CPU.Build.0 = Release|Any CPU
	EndGlobalSection
	GlobalSection(SolutionProperties) = preSolution
		HideSolutionNode = FALSE
	EndGlobalSection
	GlobalSection(NestedProjects) = preSolution
		{03611993-FDD7-4A24-B919-69882AC6AFC2} = {1034D824-CCFE-4562-A088-CD74CFE50688}
	EndGlobalSection
	GlobalSection(ExtensibilityGlobals) = postSolution
		SolutionGuid = {D0F4C7BA-3067-4156-AB1D-02038452F1B6}
	EndGlobalSection
EndGlobal
