
Microsoft Visual Studio Solution File, Format Version 12.00
# Visual Studio 15
VisualStudioVersion = 15.0.27004.2009
MinimumVisualStudioVersion = 10.0.40219.1
Project("{FAE04EC0-301F-11D3-BF4B-00C04F79EFBC}") = "Website-API", "Website-API\Website-API.csproj", "{B12B8660-818A-4E63-B3AE-BA8F4227FFD5}"
EndProject
Global
	GlobalSection(SolutionConfigurationPlatforms) = preSolution
		Debug|Any CPU = Debug|Any CPU
		Release|Any CPU = Release|Any CPU
	EndGlobalSection
	GlobalSection(ProjectConfigurationPlatforms) = postSolution
		{B12B8660-818A-4E63-B3AE-BA8F4227FFD5}.Debug|Any CPU.ActiveCfg = Debug|Any CPU
		{B12B8660-818A-4E63-B3AE-BA8F4227FFD5}.Debug|Any CPU.Build.0 = Debug|Any CPU
		{B12B8660-818A-4E63-B3AE-BA8F4227FFD5}.Release|Any CPU.ActiveCfg = Release|Any CPU
		{B12B8660-818A-4E63-B3AE-BA8F4227FFD5}.Release|Any CPU.Build.0 = Release|Any CPU
	EndGlobalSection
	GlobalSection(SolutionProperties) = preSolution
		HideSolutionNode = FALSE
	EndGlobalSection
	GlobalSection(ExtensibilityGlobals) = postSolution
		SolutionGuid = {D0F4C7BA-3067-4156-AB1D-02038452F1B6}
	EndGlobalSection
EndGlobal
